
Microsoft Visual Studio Solution File, Format Version 12.00
# Visual Studio Version 16
VisualStudioVersion = 16.0.30309.148
MinimumVisualStudioVersion = 10.0.40219.1
Project("{FAE04EC0-301F-11D3-BF4B-00C04F79EFBC}") = "calc_pro", "calc_pro\calc_pro.csproj", "{5861A12B-8CF1-4F05-8B25-DDC5C6B6A6DF}"
EndProject
Global
	GlobalSection(SolutionConfigurationPlatforms) = preSolution
		Debug|Any CPU = Debug|Any CPU
		Release|Any CPU = Release|Any CPU
	EndGlobalSection
	GlobalSection(ProjectConfigurationPlatforms) = postSolution
		{5861A12B-8CF1-4F05-8B25-DDC5C6B6A6DF}.Debug|Any CPU.ActiveCfg = Debug|Any CPU
		{5861A12B-8CF1-4F05-8B25-DDC5C6B6A6DF}.Debug|Any CPU.Build.0 = Debug|Any CPU
		{5861A12B-8CF1-4F05-8B25-DDC5C6B6A6DF}.Release|Any CPU.ActiveCfg = Release|Any CPU
		{5861A12B-8CF1-4F05-8B25-DDC5C6B6A6DF}.Release|Any CPU.Build.0 = Release|Any CPU
	EndGlobalSection
	GlobalSection(SolutionProperties) = preSolution
		HideSolutionNode = FALSE
	EndGlobalSection
	GlobalSection(ExtensibilityGlobals) = postSolution
		SolutionGuid = {338F9993-9AF7-4F01-9401-5A4D7629CA3D}
	EndGlobalSection
EndGlobal
